
Microsoft Visual Studio Solution File, Format Version 12.00
# Visual Studio Version 17
VisualStudioVersion = 17.9.34902.65
MinimumVisualStudioVersion = 10.0.40219.1
Project("{FAE04EC0-301F-11D3-BF4B-00C04F79EFBC}") = "Client", "Client\Client.csproj", "{1A198E20-AB26-466B-9CBA-07D89E1608AD}"
EndProject
Project("{FAE04EC0-301F-11D3-BF4B-00C04F79EFBC}") = "SchoolServer", "SchoolServer\SchoolServer.csproj", "{F79E14A5-3AE0-4A4B-B128-74FD560D66AE}"
EndProject
Global
	GlobalSection(SolutionConfigurationPlatforms) = preSolution
		Debug|Any CPU = Debug|Any CPU
		Release|Any CPU = Release|Any CPU
	EndGlobalSection
	GlobalSection(ProjectConfigurationPlatforms) = postSolution
		{1A198E20-AB26-466B-9CBA-07D89E1608AD}.Debug|Any CPU.ActiveCfg = Debug|Any CPU
		{1A198E20-AB26-466B-9CBA-07D89E1608AD}.Debug|Any CPU.Build.0 = Debug|Any CPU
		{1A198E20-AB26-466B-9CBA-07D89E1608AD}.Debug|Any CPU.Deploy.0 = Debug|Any CPU
		{1A198E20-AB26-466B-9CBA-07D89E1608AD}.Release|Any CPU.ActiveCfg = Release|Any CPU
		{1A198E20-AB26-466B-9CBA-07D89E1608AD}.Release|Any CPU.Build.0 = Release|Any CPU
		{1A198E20-AB26-466B-9CBA-07D89E1608AD}.Release|Any CPU.Deploy.0 = Release|Any CPU
		{F79E14A5-3AE0-4A4B-B128-74FD560D66AE}.Debug|Any CPU.ActiveCfg = Debug|Any CPU
		{F79E14A5-3AE0-4A4B-B128-74FD560D66AE}.Debug|Any CPU.Build.0 = Debug|Any CPU
		{F79E14A5-3AE0-4A4B-B128-74FD560D66AE}.Release|Any CPU.ActiveCfg = Release|Any CPU
		{F79E14A5-3AE0-4A4B-B128-74FD560D66AE}.Release|Any CPU.Build.0 = Release|Any CPU
	EndGlobalSection
	GlobalSection(SolutionProperties) = preSolution
		HideSolutionNode = FALSE
	EndGlobalSection
	GlobalSection(ExtensibilityGlobals) = postSolution
		SolutionGuid = {7A8628F6-C0C7-4142-B118-3A022603C8FD}
	EndGlobalSection
EndGlobal
